
Microsoft Visual Studio Solution File, Format Version 12.00
# Visual Studio Version 17
VisualStudioVersion = 17.14.36908.2
MinimumVisualStudioVersion = 10.0.40219.1
Project("{8BC9CEB8-8B4A-11D0-8D11-00A0C91BC942}") = "PracticeDataStructure", "PracticeDataStructure\PracticeDataStructure.vcxproj", "{B40E69D3-446B-4B73-A24F-850625221E22}"
EndProject
Project("{8BC9CEB8-8B4A-11D0-8D11-00A0C91BC942}") = "BinarySearch", "BinarySearch\BinarySearch.vcxproj", "{AE8EC0D2-8FBB-4E96-8DFB-BEC6883C8115}"
EndProject
Global
	GlobalSection(SolutionConfigurationPlatforms) = preSolution
		Debug|x64 = Debug|x64
		Debug|x86 = Debug|x86
		Release|x64 = Release|x64
		Release|x86 = Release|x86
	EndGlobalSection
	GlobalSection(ProjectConfigurationPlatforms) = postSolution
		{B40E69D3-446B-4B73-A24F-850625221E22}.Debug|x64.ActiveCfg = Debug|x64
		{B40E69D3-446B-4B73-A24F-850625221E22}.Debug|x64.Build.0 = Debug|x64
		{B40E69D3-446B-4B73-A24F-850625221E22}.Debug|x86.ActiveCfg = Debug|Win32
		{B40E69D3-446B-4B73-A24F-850625221E22}.Debug|x86.Build.0 = Debug|Win32
		{B40E69D3-446B-4B73-A24F-850625221E22}.Release|x64.ActiveCfg = Release|x64
		{B40E69D3-446B-4B73-A24F-850625221E22}.Release|x64.Build.0 = Release|x64
		{B40E69D3-446B-4B73-A24F-850625221E22}.Release|x86.ActiveCfg = Release|Win32
		{B40E69D3-446B-4B73-A24F-850625221E22}.Release|x86.Build.0 = Release|Win32
		{AE8EC0D2-8FBB-4E96-8DFB-BEC6883C8115}.Debug|x64.ActiveCfg = Debug|x64
		{AE8EC0D2-8FBB-4E96-8DFB-BEC6883C8115}.Debug|x64.Build.0 = Debug|x64
		{AE8EC0D2-8FBB-4E96-8DFB-BEC6883C8115}.Debug|x86.ActiveCfg = Debug|Win32
		{AE8EC0D2-8FBB-4E96-8DFB-BEC6883C8115}.Debug|x86.Build.0 = Debug|Win32
		{AE8EC0D2-8FBB-4E96-8DFB-BEC6883C8115}.Release|x64.ActiveCfg = Release|x64
		{AE8EC0D2-8FBB-4E96-8DFB-BEC6883C8115}.Release|x64.Build.0 = Release|x64
		{AE8EC0D2-8FBB-4E96-8DFB-BEC6883C8115}.Release|x86.ActiveCfg = Release|Win32
		{AE8EC0D2-8FBB-4E96-8DFB-BEC6883C8115}.Release|x86.Build.0 = Release|Win32
	EndGlobalSection
	GlobalSection(SolutionProperties) = preSolution
		HideSolutionNode = FALSE
	EndGlobalSection
	GlobalSection(ExtensibilityGlobals) = postSolution
		SolutionGuid = {A3E6B7BA-12EB-492C-B7C8-31504BB5BCE8}
	EndGlobalSection
EndGlobal
